
Microsoft Visual Studio Solution File, Format Version 12.00
# Visual Studio Version 17
VisualStudioVersion = 17.13.35931.197 d17.13
MinimumVisualStudioVersion = 10.0.40219.1
Project("{FAE04EC0-301F-11D3-BF4B-00C04F79EFBC}") = "PruebaTecnica", "PruebaTecnica\PruebaTecnica.csproj", "{B08862B6-9238-4E90-B76B-9B077CFC4C9C}"
EndProject
Global
	GlobalSection(SolutionConfigurationPlatforms) = preSolution
		Debug|Any CPU = Debug|Any CPU
		Release|Any CPU = Release|Any CPU
	EndGlobalSection
	GlobalSection(ProjectConfigurationPlatforms) = postSolution
		{B08862B6-9238-4E90-B76B-9B077CFC4C9C}.Debug|Any CPU.ActiveCfg = Debug|Any CPU
		{B08862B6-9238-4E90-B76B-9B077CFC4C9C}.Debug|Any CPU.Build.0 = Debug|Any CPU
		{B08862B6-9238-4E90-B76B-9B077CFC4C9C}.Release|Any CPU.ActiveCfg = Release|Any CPU
		{B08862B6-9238-4E90-B76B-9B077CFC4C9C}.Release|Any CPU.Build.0 = Release|Any CPU
	EndGlobalSection
	GlobalSection(SolutionProperties) = preSolution
		HideSolutionNode = FALSE
	EndGlobalSection
	GlobalSection(ExtensibilityGlobals) = postSolution
		SolutionGuid = {261F5ED0-E149-40DE-8268-66421B52D8CA}
	EndGlobalSection
EndGlobal
